
Microsoft Visual Studio Solution File, Format Version 12.00
# Visual Studio Version 17
VisualStudioVersion = 17.0.32112.339
MinimumVisualStudioVersion = 10.0.40219.1
Project("{FAE04EC0-301F-11D3-BF4B-00C04F79EFBC}") = "HelloWorldBackend", "HelloWorldBackend\HelloWorldBackend.csproj", "{02886BCC-8DEE-48E6-A98C-F81AED3DEB0E}"
EndProject
Global
	GlobalSection(SolutionConfigurationPlatforms) = preSolution
		Debug|Any CPU = Debug|Any CPU
		Release|Any CPU = Release|Any CPU
	EndGlobalSection
	GlobalSection(ProjectConfigurationPlatforms) = postSolution
		{02886BCC-8DEE-48E6-A98C-F81AED3DEB0E}.Debug|Any CPU.ActiveCfg = Debug|Any CPU
		{02886BCC-8DEE-48E6-A98C-F81AED3DEB0E}.Debug|Any CPU.Build.0 = Debug|Any CPU
		{02886BCC-8DEE-48E6-A98C-F81AED3DEB0E}.Release|Any CPU.ActiveCfg = Release|Any CPU
		{02886BCC-8DEE-48E6-A98C-F81AED3DEB0E}.Release|Any CPU.Build.0 = Release|Any CPU
	EndGlobalSection
	GlobalSection(SolutionProperties) = preSolution
		HideSolutionNode = FALSE
	EndGlobalSection
	GlobalSection(ExtensibilityGlobals) = postSolution
		SolutionGuid = {BAF27FCC-655F-4680-8BD8-4C409F0A85D8}
	EndGlobalSection
EndGlobal
